// !$*UTF8*$!
{
	archiveVersion = 1;
	classes = {
	};
	objectVersion = 46;
	objects = {

/* Begin PBXBuildFile section */
		03171D1E1A30504200CAE682 /* main.cpp in Sources */ = {isa = PBXBuildFile; fileRef = 03171D1D1A30504200CAE682 /* main.cpp */; };
		03171D261A30506300CAE682 /* hash.cpp in Sources */ = {isa = PBXBuildFile; fileRef = 03171D241A30506300CAE682 /* hash.cpp */; };
/* End PBXBuildFile section */

/* Begin PBXCopyFilesBuildPhase section */
		03171D181A30504200CAE682 /* CopyFiles */ = {
			isa = PBXCopyFilesBuildPhase;
			buildActionMask = 2147483647;
			dstPath = /usr/share/man/man1/;
			dstSubfolderSpec = 0;
			files = (
			);
			runOnlyForDeploymentPostprocessing = 1;
		};
/* End PBXCopyFilesBuildPhase section */

/* Begin PBXFileReference section */
		03171D1A1A30504200CAE682 /* Hashing */ = {isa = PBXFileReference; explicitFileType = "compiled.mach-o.executable"; includeInIndex = 0; path = Hashing; sourceTree = BUILT_PRODUCTS_DIR; };
		03171D1D1A30504200CAE682 /* main.cpp */ = {isa = PBXFileReference; lastKnownFileType = sourcecode.cpp.cpp; path = main.cpp; sourceTree = "<group>"; };
		03171D241A30506300CAE682 /* hash.cpp */ = {isa = PBXFileReference; fileEncoding = 4; lastKnownFileType = sourcecode.cpp.cpp; path = hash.cpp; sourceTree = "<group>"; };
		03171D251A30506300CAE682 /* hash.h */ = {isa = PBXFileReference; fileEncoding = 4; lastKnownFileType = sourcecode.c.h; path = hash.h; sourceTree = "<group>"; };
/* End PBXFileReference section */

/* Begin PBXFrameworksBuildPhase section */
		03171D171A30504200CAE682 /* Frameworks */ = {
			isa = PBXFrameworksBuildPhase;
			buildActionMask = 2147483647;
			files = (
			);
			runOnlyForDeploymentPostprocessing = 0;
		};
/* End PBXFrameworksBuildPhase section */

/* Begin PBXGroup section */
		03171D111A30504200CAE682 = {
			isa = PBXGroup;
			children = (
				03171D1C1A30504200CAE682 /* Hashing */,
				03171D1B1A30504200CAE682 /* Products */,
			);
			sourceTree = "<group>";
		};
		03171D1B1A30504200CAE682 /* Products */ = {
			isa = PBXGroup;
			children = (
				03171D1A1A30504200CAE682 /* Hashing */,
			);
			name = Products;
			sourceTree = "<group>";
		};
		03171D1C1A30504200CAE682 /* Hashing */ = {
			isa = PBXGroup;
			children = (
				03171D1D1A30504200CAE682 /* main.cpp */,
				03171D241A30506300CAE682 /* hash.cpp */,
				03171D251A30506300CAE682 /* hash.h */,
			);
			path = Hashing;
			sourceTree = "<group>";
		};
/* End PBXGroup section */

/* Begin PBXNativeTarget section */
		03171D191A30504200CAE682 /* Hashing */ = {
			isa = PBXNativeTarget;
			buildConfigurationList = 03171D211A30504200CAE682 /* Build configuration list for PBXNativeTarget "Hashing" */;
			buildPhases = (
				03171D161A30504200CAE682 /* Sources */,
				03171D171A30504200CAE682 /* Frameworks */,
				03171D181A30504200CAE682 /* CopyFiles */,
			);
			buildRules = (
			);
			dependencies = (
			);
			name = Hashing;
			productName = Hashing;
			productReference = 03171D1A1A30504200CAE682 /* Hashing */;
			productType = "com.apple.product-type.tool";
		};
/* End PBXNativeTarget section */

/* Begin PBXProject section */
		03171D121A30504200CAE682 /* Project object */ = {
			isa = PBXProject;
			attributes = {
				LastUpgradeCheck = 0610;
				ORGANIZATIONNAME = "Shawon Ashraf";
				TargetAttributes = {
					03171D191A30504200CAE682 = {
						CreatedOnToolsVersion = 6.1;
					};
				};
			};
			buildConfigurationList = 03171D151A30504200CAE682 /* Build configuration list for PBXProject "Hashing" */;
			compatibilityVersion = "Xcode 3.2";
			developmentRegion = English;
			hasScannedForEncodings = 0;
			knownRegions = (
				en,
			);
			mainGroup = 03171D111A30504200CAE682;
			productRefGroup = 03171D1B1A30504200CAE682 /* Products */;
			projectDirPath = "";
			projectRoot = "";
			targets = (
				03171D191A30504200CAE682 /* Hashing */,
			);
		};
/* End PBXProject section */

/* Begin PBXSourcesBuildPhase section */
		03171D161A30504200CAE682 /* Sources */ = {
			isa = PBXSourcesBuildPhase;
			buildActionMask = 2147483647;
			files = (
				03171D1E1A30504200CAE682 /* main.cpp in Sources */,
				03171D261A30506300CAE682 /* hash.cpp in Sources */,
			);
			runOnlyForDeploymentPostprocessing = 0;
		};
/* End PBXSourcesBuildPhase section */

/* Begin XCBuildConfiguration section */
		03171D1F1A30504200CAE682 /* Debug */ = {
			isa = XCBuildConfiguration;
			buildSettings = {
				ALWAYS_SEARCH_USER_PATHS = NO;
				CLANG_CXX_LANGUAGE_STANDARD = "gnu++0x";
				CLANG_CXX_LIBRARY = "libc++";
				CLANG_ENABLE_MODULES = YES;
				CLANG_ENABLE_OBJC_ARC = YES;
				CLANG_WARN_BOOL_CONVERSION = YES;
				CLANG_WARN_CONSTANT_CONVERSION = YES;
				CLANG_WARN_DIRECT_OBJC_ISA_USAGE = YES_ERROR;
				CLANG_WARN_EMPTY_BODY = YES;
				CLANG_WARN_ENUM_CONVERSION = YES;
				CLANG_WARN_INT_CONVERSION = YES;
				CLANG_WARN_OBJC_ROOT_CLASS = YES_ERROR;
				CLANG_WARN_UNREACHABLE_CODE = YES;
				CLANG_WARN__DUPLICATE_METHOD_MATCH = YES;
				COPY_PHASE_STRIP = NO;
				ENABLE_STRICT_OBJC_MSGSEND = YES;
				GCC_C_LANGUAGE_STANDARD = gnu99;
				GCC_DYNAMIC_NO_PIC = NO;
				GCC_OPTIMIZATION_LEVEL = 0;
				GCC_PREPROCESSOR_DEFINITIONS = (
					"DEBUG=1",
					"$(inherited)",
				);
				GCC_SYMBOLS_PRIVATE_EXTERN = NO;
				GCC_WARN_64_TO_32_BIT_CONVERSION = YES;
				GCC_WARN_ABOUT_RETURN_TYPE = YES_ERROR;
				GCC_WARN_UNDECLARED_SELECTOR = YES;
				GCC_WARN_UNINITIALIZED_AUTOS = YES_AGGRESSIVE;
				GCC_WARN_UNUSED_FUNCTION = YES;
				GCC_WARN_UNUSED_VARIABLE = YES;
				MACOSX_DEPLOYMENT_TARGET = 10.10;
				MTL_ENABLE_DEBUG_INFO = YES;
				ONLY_ACTIVE_ARCH = YES;
				SDKROOT = macosx;
			};
			name = Debug;
		};
		03171D201A30504200CAE682 /* Release */ = {
			isa = XCBuildConfiguration;
			buildSettings = {
				ALWAYS_SEARCH_USER_PATHS = NO;
				CLANG_CXX_LANGUAGE_STANDARD = "gnu++0x";
				CLANG_CXX_LIBRARY = "libc++";
				CLANG_ENABLE_MODULES = YES;
				CLANG_ENABLE_OBJC_ARC = YES;
				CLANG_WARN_BOOL_CONVERSION = YES;
				CLANG_WARN_CONSTANT_CONVERSION = YES;
				CLANG_WARN_DIRECT_OBJC_ISA_USAGE = YES_ERROR;
				CLANG_WARN_EMPTY_BODY = YES;
				CLANG_WARN_ENUM_CONVERSION = YES;
				CLANG_WARN_INT_CONVERSION = YES;
				CLANG_WARN_OBJC_ROOT_CLASS = YES_ERROR;
				CLANG_WARN_UNREACHABLE_CODE = YES;
				CLANG_WARN__DUPLICATE_METHOD_MATCH = YES;
				COPY_PHASE_STRIP = YES;
				DEBUG_INFORMATION_FORMAT = "dwarf-with-dsym";
				ENABLE_NS_ASSERTIONS = NO;
				ENABLE_STRICT_OBJC_MSGSEND = YES;
				GCC_C_LANGUAGE_STANDARD = gnu99;
				GCC_WARN_64_TO_32_BIT_CONVERSION = YES;
				GCC_WARN_ABOUT_RETURN_TYPE = YES_ERROR;
				GCC_WARN_UNDECLARED_SELECTOR = YES;
				GCC_WARN_UNINITIALIZED_AUTOS = YES_AGGRESSIVE;
				GCC_WARN_UNUSED_FUNCTION = YES;
				GCC_WARN_UNUSED_VARIABLE = YES;
				MACOSX_DEPLOYMENT_TARGET = 10.10;
				MTL_ENABLE_DEBUG_INFO = NO;
				SDKROOT = macosx;
			};
			name = Release;
		};
		03171D221A30504200CAE682 /* Debug */ = {
			isa = XCBuildConfiguration;
			buildSettings = {
				PRODUCT_NAME = "$(TARGET_NAME)";
			};
			name = Debug;
		};
		03171D231A30504200CAE682 /* Release */ = {
			isa = XCBuildConfiguration;
			buildSettings = {
				PRODUCT_NAME = "$(TARGET_NAME)";
			};
			name = Release;
		};
/* End XCBuildConfiguration section */

/* Begin XCConfigurationList section */
		03171D151A30504200CAE682 /* Build configuration list for PBXProject "Hashing" */ = {
			isa = XCConfigurationList;
			buildConfigurations = (
				03171D1F1A30504200CAE682 /* Debug */,
				03171D201A30504200CAE682 /* Release */,
			);
			defaultConfigurationIsVisible = 0;
			defaultConfigurationName = Release;
		};
		03171D211A30504200CAE682 /* Build configuration list for PBXNativeTarget "Hashing" */ = {
			isa = XCConfigurationList;
			buildConfigurations = (
				03171D221A30504200CAE682 /* Debug */,
				03171D231A30504200CAE682 /* Release */,
			);
			defaultConfigurationIsVisible = 0;
		};
/* End XCConfigurationList section */
	};
	rootObject = 03171D121A30504200CAE682 /* Project object */;
}
