// !$*UTF8*$!
{
	archiveVersion = 1;
	classes = {
	};
	objectVersion = 46;
	objects = {

/* Begin PBXBuildFile section */
		03DDF5D719CC690400D938A2 /* main.cpp in Sources */ = {isa = PBXBuildFile; fileRef = 03DDF5D619CC690400D938A2 /* main.cpp */; };
		03DDF5DF19CC695F00D938A2 /* IntDLList.cpp in Sources */ = {isa = PBXBuildFile; fileRef = 03DDF5DD19CC695F00D938A2 /* IntDLList.cpp */; };
/* End PBXBuildFile section */

/* Begin PBXCopyFilesBuildPhase section */
		03DDF5D119CC690400D938A2 /* CopyFiles */ = {
			isa = PBXCopyFilesBuildPhase;
			buildActionMask = 2147483647;
			dstPath = /usr/share/man/man1/;
			dstSubfolderSpec = 0;
			files = (
			);
			runOnlyForDeploymentPostprocessing = 1;
		};
/* End PBXCopyFilesBuildPhase section */

/* Begin PBXFileReference section */
		03DDF5D319CC690400D938A2 /* Doubly Linked List */ = {isa = PBXFileReference; explicitFileType = "compiled.mach-o.executable"; includeInIndex = 0; path = "Doubly Linked List"; sourceTree = BUILT_PRODUCTS_DIR; };
		03DDF5D619CC690400D938A2 /* main.cpp */ = {isa = PBXFileReference; lastKnownFileType = sourcecode.cpp.cpp; path = main.cpp; sourceTree = "<group>"; };
		03DDF5DD19CC695F00D938A2 /* IntDLList.cpp */ = {isa = PBXFileReference; fileEncoding = 4; lastKnownFileType = sourcecode.cpp.cpp; path = IntDLList.cpp; sourceTree = "<group>"; };
		03DDF5DE19CC695F00D938A2 /* IntDLList.h */ = {isa = PBXFileReference; fileEncoding = 4; lastKnownFileType = sourcecode.c.h; path = IntDLList.h; sourceTree = "<group>"; };
/* End PBXFileReference section */

/* Begin PBXFrameworksBuildPhase section */
		03DDF5D019CC690400D938A2 /* Frameworks */ = {
			isa = PBXFrameworksBuildPhase;
			buildActionMask = 2147483647;
			files = (
			);
			runOnlyForDeploymentPostprocessing = 0;
		};
/* End PBXFrameworksBuildPhase section */

/* Begin PBXGroup section */
		03DDF5CA19CC690400D938A2 = {
			isa = PBXGroup;
			children = (
				03DDF5D519CC690400D938A2 /* Doubly Linked List */,
				03DDF5D419CC690400D938A2 /* Products */,
			);
			sourceTree = "<group>";
		};
		03DDF5D419CC690400D938A2 /* Products */ = {
			isa = PBXGroup;
			children = (
				03DDF5D319CC690400D938A2 /* Doubly Linked List */,
			);
			name = Products;
			sourceTree = "<group>";
		};
		03DDF5D519CC690400D938A2 /* Doubly Linked List */ = {
			isa = PBXGroup;
			children = (
				03DDF5D619CC690400D938A2 /* main.cpp */,
				03DDF5DD19CC695F00D938A2 /* IntDLList.cpp */,
				03DDF5DE19CC695F00D938A2 /* IntDLList.h */,
			);
			path = "Doubly Linked List";
			sourceTree = "<group>";
		};
/* End PBXGroup section */

/* Begin PBXNativeTarget section */
		03DDF5D219CC690400D938A2 /* Doubly Linked List */ = {
			isa = PBXNativeTarget;
			buildConfigurationList = 03DDF5DA19CC690400D938A2 /* Build configuration list for PBXNativeTarget "Doubly Linked List" */;
			buildPhases = (
				03DDF5CF19CC690400D938A2 /* Sources */,
				03DDF5D019CC690400D938A2 /* Frameworks */,
				03DDF5D119CC690400D938A2 /* CopyFiles */,
			);
			buildRules = (
			);
			dependencies = (
			);
			name = "Doubly Linked List";
			productName = "Doubly Linked List";
			productReference = 03DDF5D319CC690400D938A2 /* Doubly Linked List */;
			productType = "com.apple.product-type.tool";
		};
/* End PBXNativeTarget section */

/* Begin PBXProject section */
		03DDF5CB19CC690400D938A2 /* Project object */ = {
			isa = PBXProject;
			attributes = {
				LastUpgradeCheck = 0600;
				ORGANIZATIONNAME = "Shawon Ashraf";
				TargetAttributes = {
					03DDF5D219CC690400D938A2 = {
						CreatedOnToolsVersion = 6.0.1;
					};
				};
			};
			buildConfigurationList = 03DDF5CE19CC690400D938A2 /* Build configuration list for PBXProject "Doubly Linked List" */;
			compatibilityVersion = "Xcode 3.2";
			developmentRegion = English;
			hasScannedForEncodings = 0;
			knownRegions = (
				en,
			);
			mainGroup = 03DDF5CA19CC690400D938A2;
			productRefGroup = 03DDF5D419CC690400D938A2 /* Products */;
			projectDirPath = "";
			projectRoot = "";
			targets = (
				03DDF5D219CC690400D938A2 /* Doubly Linked List */,
			);
		};
/* End PBXProject section */

/* Begin PBXSourcesBuildPhase section */
		03DDF5CF19CC690400D938A2 /* Sources */ = {
			isa = PBXSourcesBuildPhase;
			buildActionMask = 2147483647;
			files = (
				03DDF5D719CC690400D938A2 /* main.cpp in Sources */,
				03DDF5DF19CC695F00D938A2 /* IntDLList.cpp in Sources */,
			);
			runOnlyForDeploymentPostprocessing = 0;
		};
/* End PBXSourcesBuildPhase section */

/* Begin XCBuildConfiguration section */
		03DDF5D819CC690400D938A2 /* Debug */ = {
			isa = XCBuildConfiguration;
			buildSettings = {
				ALWAYS_SEARCH_USER_PATHS = NO;
				CLANG_CXX_LANGUAGE_STANDARD = "gnu++0x";
				CLANG_CXX_LIBRARY = "libc++";
				CLANG_ENABLE_MODULES = YES;
				CLANG_ENABLE_OBJC_ARC = YES;
				CLANG_WARN_BOOL_CONVERSION = YES;
				CLANG_WARN_CONSTANT_CONVERSION = YES;
				CLANG_WARN_DIRECT_OBJC_ISA_USAGE = YES_ERROR;
				CLANG_WARN_EMPTY_BODY = YES;
				CLANG_WARN_ENUM_CONVERSION = YES;
				CLANG_WARN_INT_CONVERSION = YES;
				CLANG_WARN_OBJC_ROOT_CLASS = YES_ERROR;
				CLANG_WARN_UNREACHABLE_CODE = YES;
				CLANG_WARN__DUPLICATE_METHOD_MATCH = YES;
				COPY_PHASE_STRIP = NO;
				ENABLE_STRICT_OBJC_MSGSEND = YES;
				GCC_C_LANGUAGE_STANDARD = gnu99;
				GCC_DYNAMIC_NO_PIC = NO;
				GCC_OPTIMIZATION_LEVEL = 0;
				GCC_PREPROCESSOR_DEFINITIONS = (
					"DEBUG=1",
					"$(inherited)",
				);
				GCC_SYMBOLS_PRIVATE_EXTERN = NO;
				GCC_WARN_64_TO_32_BIT_CONVERSION = YES;
				GCC_WARN_ABOUT_RETURN_TYPE = YES_ERROR;
				GCC_WARN_UNDECLARED_SELECTOR = YES;
				GCC_WARN_UNINITIALIZED_AUTOS = YES_AGGRESSIVE;
				GCC_WARN_UNUSED_FUNCTION = YES;
				GCC_WARN_UNUSED_VARIABLE = YES;
				MACOSX_DEPLOYMENT_TARGET = 10.9;
				MTL_ENABLE_DEBUG_INFO = YES;
				ONLY_ACTIVE_ARCH = YES;
				SDKROOT = macosx;
			};
			name = Debug;
		};
		03DDF5D919CC690400D938A2 /* Release */ = {
			isa = XCBuildConfiguration;
			buildSettings = {
				ALWAYS_SEARCH_USER_PATHS = NO;
				CLANG_CXX_LANGUAGE_STANDARD = "gnu++0x";
				CLANG_CXX_LIBRARY = "libc++";
				CLANG_ENABLE_MODULES = YES;
				CLANG_ENABLE_OBJC_ARC = YES;
				CLANG_WARN_BOOL_CONVERSION = YES;
				CLANG_WARN_CONSTANT_CONVERSION = YES;
				CLANG_WARN_DIRECT_OBJC_ISA_USAGE = YES_ERROR;
				CLANG_WARN_EMPTY_BODY = YES;
				CLANG_WARN_ENUM_CONVERSION = YES;
				CLANG_WARN_INT_CONVERSION = YES;
				CLANG_WARN_OBJC_ROOT_CLASS = YES_ERROR;
				CLANG_WARN_UNREACHABLE_CODE = YES;
				CLANG_WARN__DUPLICATE_METHOD_MATCH = YES;
				COPY_PHASE_STRIP = YES;
				DEBUG_INFORMATION_FORMAT = "dwarf-with-dsym";
				ENABLE_NS_ASSERTIONS = NO;
				ENABLE_STRICT_OBJC_MSGSEND = YES;
				GCC_C_LANGUAGE_STANDARD = gnu99;
				GCC_WARN_64_TO_32_BIT_CONVERSION = YES;
				GCC_WARN_ABOUT_RETURN_TYPE = YES_ERROR;
				GCC_WARN_UNDECLARED_SELECTOR = YES;
				GCC_WARN_UNINITIALIZED_AUTOS = YES_AGGRESSIVE;
				GCC_WARN_UNUSED_FUNCTION = YES;
				GCC_WARN_UNUSED_VARIABLE = YES;
				MACOSX_DEPLOYMENT_TARGET = 10.9;
				MTL_ENABLE_DEBUG_INFO = NO;
				SDKROOT = macosx;
			};
			name = Release;
		};
		03DDF5DB19CC690400D938A2 /* Debug */ = {
			isa = XCBuildConfiguration;
			buildSettings = {
				PRODUCT_NAME = "$(TARGET_NAME)";
			};
			name = Debug;
		};
		03DDF5DC19CC690400D938A2 /* Release */ = {
			isa = XCBuildConfiguration;
			buildSettings = {
				PRODUCT_NAME = "$(TARGET_NAME)";
			};
			name = Release;
		};
/* End XCBuildConfiguration section */

/* Begin XCConfigurationList section */
		03DDF5CE19CC690400D938A2 /* Build configuration list for PBXProject "Doubly Linked List" */ = {
			isa = XCConfigurationList;
			buildConfigurations = (
				03DDF5D819CC690400D938A2 /* Debug */,
				03DDF5D919CC690400D938A2 /* Release */,
			);
			defaultConfigurationIsVisible = 0;
			defaultConfigurationName = Release;
		};
		03DDF5DA19CC690400D938A2 /* Build configuration list for PBXNativeTarget "Doubly Linked List" */ = {
			isa = XCConfigurationList;
			buildConfigurations = (
				03DDF5DB19CC690400D938A2 /* Debug */,
				03DDF5DC19CC690400D938A2 /* Release */,
			);
			defaultConfigurationIsVisible = 0;
		};
/* End XCConfigurationList section */
	};
	rootObject = 03DDF5CB19CC690400D938A2 /* Project object */;
}
