// !$*UTF8*$!
{
	archiveVersion = 1;
	classes = {
	};
	objectVersion = 46;
	objects = {

/* Begin PBXBuildFile section */
		038B454D19FD59D3002C7317 /* main.cpp in Sources */ = {isa = PBXBuildFile; fileRef = 038B454C19FD59D3002C7317 /* main.cpp */; };
		038B455E19FD6B7C002C7317 /* QueueType.cpp in Sources */ = {isa = PBXBuildFile; fileRef = 038B455C19FD6B7C002C7317 /* QueueType.cpp */; };
/* End PBXBuildFile section */

/* Begin PBXCopyFilesBuildPhase section */
		038B454719FD59D3002C7317 /* CopyFiles */ = {
			isa = PBXCopyFilesBuildPhase;
			buildActionMask = 2147483647;
			dstPath = /usr/share/man/man1/;
			dstSubfolderSpec = 0;
			files = (
			);
			runOnlyForDeploymentPostprocessing = 1;
		};
/* End PBXCopyFilesBuildPhase section */

/* Begin PBXFileReference section */
		038B454919FD59D3002C7317 /* Queue Linked List */ = {isa = PBXFileReference; explicitFileType = "compiled.mach-o.executable"; includeInIndex = 0; path = "Queue Linked List"; sourceTree = BUILT_PRODUCTS_DIR; };
		038B454C19FD59D3002C7317 /* main.cpp */ = {isa = PBXFileReference; lastKnownFileType = sourcecode.cpp.cpp; path = main.cpp; sourceTree = "<group>"; };
		038B455C19FD6B7C002C7317 /* QueueType.cpp */ = {isa = PBXFileReference; fileEncoding = 4; lastKnownFileType = sourcecode.cpp.cpp; path = QueueType.cpp; sourceTree = "<group>"; };
		038B455D19FD6B7C002C7317 /* QueueType.h */ = {isa = PBXFileReference; fileEncoding = 4; lastKnownFileType = sourcecode.c.h; path = QueueType.h; sourceTree = "<group>"; };
/* End PBXFileReference section */

/* Begin PBXFrameworksBuildPhase section */
		038B454619FD59D3002C7317 /* Frameworks */ = {
			isa = PBXFrameworksBuildPhase;
			buildActionMask = 2147483647;
			files = (
			);
			runOnlyForDeploymentPostprocessing = 0;
		};
/* End PBXFrameworksBuildPhase section */

/* Begin PBXGroup section */
		038B454019FD59D3002C7317 = {
			isa = PBXGroup;
			children = (
				038B454B19FD59D3002C7317 /* Queue Linked List */,
				038B454A19FD59D3002C7317 /* Products */,
			);
			sourceTree = "<group>";
		};
		038B454A19FD59D3002C7317 /* Products */ = {
			isa = PBXGroup;
			children = (
				038B454919FD59D3002C7317 /* Queue Linked List */,
			);
			name = Products;
			sourceTree = "<group>";
		};
		038B454B19FD59D3002C7317 /* Queue Linked List */ = {
			isa = PBXGroup;
			children = (
				038B454C19FD59D3002C7317 /* main.cpp */,
				038B455C19FD6B7C002C7317 /* QueueType.cpp */,
				038B455D19FD6B7C002C7317 /* QueueType.h */,
			);
			path = "Queue Linked List";
			sourceTree = "<group>";
		};
/* End PBXGroup section */

/* Begin PBXNativeTarget section */
		038B454819FD59D3002C7317 /* Queue Linked List */ = {
			isa = PBXNativeTarget;
			buildConfigurationList = 038B455019FD59D3002C7317 /* Build configuration list for PBXNativeTarget "Queue Linked List" */;
			buildPhases = (
				038B454519FD59D3002C7317 /* Sources */,
				038B454619FD59D3002C7317 /* Frameworks */,
				038B454719FD59D3002C7317 /* CopyFiles */,
			);
			buildRules = (
			);
			dependencies = (
			);
			name = "Queue Linked List";
			productName = "Queue Linked List";
			productReference = 038B454919FD59D3002C7317 /* Queue Linked List */;
			productType = "com.apple.product-type.tool";
		};
/* End PBXNativeTarget section */

/* Begin PBXProject section */
		038B454119FD59D3002C7317 /* Project object */ = {
			isa = PBXProject;
			attributes = {
				LastUpgradeCheck = 0600;
				ORGANIZATIONNAME = "Shawon Ashraf";
				TargetAttributes = {
					038B454819FD59D3002C7317 = {
						CreatedOnToolsVersion = 6.0.1;
					};
				};
			};
			buildConfigurationList = 038B454419FD59D3002C7317 /* Build configuration list for PBXProject "Queue Linked List" */;
			compatibilityVersion = "Xcode 3.2";
			developmentRegion = English;
			hasScannedForEncodings = 0;
			knownRegions = (
				en,
			);
			mainGroup = 038B454019FD59D3002C7317;
			productRefGroup = 038B454A19FD59D3002C7317 /* Products */;
			projectDirPath = "";
			projectRoot = "";
			targets = (
				038B454819FD59D3002C7317 /* Queue Linked List */,
			);
		};
/* End PBXProject section */

/* Begin PBXSourcesBuildPhase section */
		038B454519FD59D3002C7317 /* Sources */ = {
			isa = PBXSourcesBuildPhase;
			buildActionMask = 2147483647;
			files = (
				038B454D19FD59D3002C7317 /* main.cpp in Sources */,
				038B455E19FD6B7C002C7317 /* QueueType.cpp in Sources */,
			);
			runOnlyForDeploymentPostprocessing = 0;
		};
/* End PBXSourcesBuildPhase section */

/* Begin XCBuildConfiguration section */
		038B454E19FD59D3002C7317 /* Debug */ = {
			isa = XCBuildConfiguration;
			buildSettings = {
				ALWAYS_SEARCH_USER_PATHS = NO;
				CLANG_CXX_LANGUAGE_STANDARD = "gnu++0x";
				CLANG_CXX_LIBRARY = "libc++";
				CLANG_ENABLE_MODULES = YES;
				CLANG_ENABLE_OBJC_ARC = YES;
				CLANG_WARN_BOOL_CONVERSION = YES;
				CLANG_WARN_CONSTANT_CONVERSION = YES;
				CLANG_WARN_DIRECT_OBJC_ISA_USAGE = YES_ERROR;
				CLANG_WARN_EMPTY_BODY = YES;
				CLANG_WARN_ENUM_CONVERSION = YES;
				CLANG_WARN_INT_CONVERSION = YES;
				CLANG_WARN_OBJC_ROOT_CLASS = YES_ERROR;
				CLANG_WARN_UNREACHABLE_CODE = YES;
				CLANG_WARN__DUPLICATE_METHOD_MATCH = YES;
				COPY_PHASE_STRIP = NO;
				ENABLE_STRICT_OBJC_MSGSEND = YES;
				GCC_C_LANGUAGE_STANDARD = gnu99;
				GCC_DYNAMIC_NO_PIC = NO;
				GCC_OPTIMIZATION_LEVEL = 0;
				GCC_PREPROCESSOR_DEFINITIONS = (
					"DEBUG=1",
					"$(inherited)",
				);
				GCC_SYMBOLS_PRIVATE_EXTERN = NO;
				GCC_WARN_64_TO_32_BIT_CONVERSION = YES;
				GCC_WARN_ABOUT_RETURN_TYPE = YES_ERROR;
				GCC_WARN_UNDECLARED_SELECTOR = YES;
				GCC_WARN_UNINITIALIZED_AUTOS = YES_AGGRESSIVE;
				GCC_WARN_UNUSED_FUNCTION = YES;
				GCC_WARN_UNUSED_VARIABLE = YES;
				MACOSX_DEPLOYMENT_TARGET = 10.10;
				MTL_ENABLE_DEBUG_INFO = YES;
				ONLY_ACTIVE_ARCH = YES;
				SDKROOT = macosx;
			};
			name = Debug;
		};
		038B454F19FD59D3002C7317 /* Release */ = {
			isa = XCBuildConfiguration;
			buildSettings = {
				ALWAYS_SEARCH_USER_PATHS = NO;
				CLANG_CXX_LANGUAGE_STANDARD = "gnu++0x";
				CLANG_CXX_LIBRARY = "libc++";
				CLANG_ENABLE_MODULES = YES;
				CLANG_ENABLE_OBJC_ARC = YES;
				CLANG_WARN_BOOL_CONVERSION = YES;
				CLANG_WARN_CONSTANT_CONVERSION = YES;
				CLANG_WARN_DIRECT_OBJC_ISA_USAGE = YES_ERROR;
				CLANG_WARN_EMPTY_BODY = YES;
				CLANG_WARN_ENUM_CONVERSION = YES;
				CLANG_WARN_INT_CONVERSION = YES;
				CLANG_WARN_OBJC_ROOT_CLASS = YES_ERROR;
				CLANG_WARN_UNREACHABLE_CODE = YES;
				CLANG_WARN__DUPLICATE_METHOD_MATCH = YES;
				COPY_PHASE_STRIP = YES;
				DEBUG_INFORMATION_FORMAT = "dwarf-with-dsym";
				ENABLE_NS_ASSERTIONS = NO;
				ENABLE_STRICT_OBJC_MSGSEND = YES;
				GCC_C_LANGUAGE_STANDARD = gnu99;
				GCC_WARN_64_TO_32_BIT_CONVERSION = YES;
				GCC_WARN_ABOUT_RETURN_TYPE = YES_ERROR;
				GCC_WARN_UNDECLARED_SELECTOR = YES;
				GCC_WARN_UNINITIALIZED_AUTOS = YES_AGGRESSIVE;
				GCC_WARN_UNUSED_FUNCTION = YES;
				GCC_WARN_UNUSED_VARIABLE = YES;
				MACOSX_DEPLOYMENT_TARGET = 10.10;
				MTL_ENABLE_DEBUG_INFO = NO;
				SDKROOT = macosx;
			};
			name = Release;
		};
		038B455119FD59D3002C7317 /* Debug */ = {
			isa = XCBuildConfiguration;
			buildSettings = {
				PRODUCT_NAME = "$(TARGET_NAME)";
			};
			name = Debug;
		};
		038B455219FD59D3002C7317 /* Release */ = {
			isa = XCBuildConfiguration;
			buildSettings = {
				PRODUCT_NAME = "$(TARGET_NAME)";
			};
			name = Release;
		};
/* End XCBuildConfiguration section */

/* Begin XCConfigurationList section */
		038B454419FD59D3002C7317 /* Build configuration list for PBXProject "Queue Linked List" */ = {
			isa = XCConfigurationList;
			buildConfigurations = (
				038B454E19FD59D3002C7317 /* Debug */,
				038B454F19FD59D3002C7317 /* Release */,
			);
			defaultConfigurationIsVisible = 0;
			defaultConfigurationName = Release;
		};
		038B455019FD59D3002C7317 /* Build configuration list for PBXNativeTarget "Queue Linked List" */ = {
			isa = XCConfigurationList;
			buildConfigurations = (
				038B455119FD59D3002C7317 /* Debug */,
				038B455219FD59D3002C7317 /* Release */,
			);
			defaultConfigurationIsVisible = 0;
		};
/* End XCConfigurationList section */
	};
	rootObject = 038B454119FD59D3002C7317 /* Project object */;
}
