// !$*UTF8*$!
{
	archiveVersion = 1;
	classes = {
	};
	objectVersion = 46;
	objects = {

/* Begin PBXBuildFile section */
		035B60EC19CC666A003FBB04 /* main.cpp in Sources */ = {isa = PBXBuildFile; fileRef = 035B60EB19CC666A003FBB04 /* main.cpp */; };
		035B60F419CC679D003FBB04 /* IntSLList.cpp in Sources */ = {isa = PBXBuildFile; fileRef = 035B60F319CC679D003FBB04 /* IntSLList.cpp */; };
/* End PBXBuildFile section */

/* Begin PBXCopyFilesBuildPhase section */
		035B60E619CC666A003FBB04 /* CopyFiles */ = {
			isa = PBXCopyFilesBuildPhase;
			buildActionMask = 2147483647;
			dstPath = /usr/share/man/man1/;
			dstSubfolderSpec = 0;
			files = (
			);
			runOnlyForDeploymentPostprocessing = 1;
		};
/* End PBXCopyFilesBuildPhase section */

/* Begin PBXFileReference section */
		035B60E819CC666A003FBB04 /* Singly Linked List */ = {isa = PBXFileReference; explicitFileType = "compiled.mach-o.executable"; includeInIndex = 0; path = "Singly Linked List"; sourceTree = BUILT_PRODUCTS_DIR; };
		035B60EB19CC666A003FBB04 /* main.cpp */ = {isa = PBXFileReference; lastKnownFileType = sourcecode.cpp.cpp; path = main.cpp; sourceTree = "<group>"; };
		035B60F219CC675A003FBB04 /* IntSLList.h */ = {isa = PBXFileReference; lastKnownFileType = sourcecode.c.h; path = IntSLList.h; sourceTree = "<group>"; };
		035B60F319CC679D003FBB04 /* IntSLList.cpp */ = {isa = PBXFileReference; fileEncoding = 4; lastKnownFileType = sourcecode.cpp.cpp; path = IntSLList.cpp; sourceTree = "<group>"; };
/* End PBXFileReference section */

/* Begin PBXFrameworksBuildPhase section */
		035B60E519CC666A003FBB04 /* Frameworks */ = {
			isa = PBXFrameworksBuildPhase;
			buildActionMask = 2147483647;
			files = (
			);
			runOnlyForDeploymentPostprocessing = 0;
		};
/* End PBXFrameworksBuildPhase section */

/* Begin PBXGroup section */
		035B60DF19CC666A003FBB04 = {
			isa = PBXGroup;
			children = (
				035B60EA19CC666A003FBB04 /* Singly Linked List */,
				035B60E919CC666A003FBB04 /* Products */,
			);
			sourceTree = "<group>";
		};
		035B60E919CC666A003FBB04 /* Products */ = {
			isa = PBXGroup;
			children = (
				035B60E819CC666A003FBB04 /* Singly Linked List */,
			);
			name = Products;
			sourceTree = "<group>";
		};
		035B60EA19CC666A003FBB04 /* Singly Linked List */ = {
			isa = PBXGroup;
			children = (
				035B60EB19CC666A003FBB04 /* main.cpp */,
				035B60F219CC675A003FBB04 /* IntSLList.h */,
				035B60F319CC679D003FBB04 /* IntSLList.cpp */,
			);
			path = "Singly Linked List";
			sourceTree = "<group>";
		};
/* End PBXGroup section */

/* Begin PBXNativeTarget section */
		035B60E719CC666A003FBB04 /* Singly Linked List */ = {
			isa = PBXNativeTarget;
			buildConfigurationList = 035B60EF19CC666A003FBB04 /* Build configuration list for PBXNativeTarget "Singly Linked List" */;
			buildPhases = (
				035B60E419CC666A003FBB04 /* Sources */,
				035B60E519CC666A003FBB04 /* Frameworks */,
				035B60E619CC666A003FBB04 /* CopyFiles */,
			);
			buildRules = (
			);
			dependencies = (
			);
			name = "Singly Linked List";
			productName = "Singly Linked List";
			productReference = 035B60E819CC666A003FBB04 /* Singly Linked List */;
			productType = "com.apple.product-type.tool";
		};
/* End PBXNativeTarget section */

/* Begin PBXProject section */
		035B60E019CC666A003FBB04 /* Project object */ = {
			isa = PBXProject;
			attributes = {
				LastUpgradeCheck = 0600;
				ORGANIZATIONNAME = "Shawon Ashraf";
				TargetAttributes = {
					035B60E719CC666A003FBB04 = {
						CreatedOnToolsVersion = 6.0.1;
					};
				};
			};
			buildConfigurationList = 035B60E319CC666A003FBB04 /* Build configuration list for PBXProject "Singly Linked List" */;
			compatibilityVersion = "Xcode 3.2";
			developmentRegion = English;
			hasScannedForEncodings = 0;
			knownRegions = (
				en,
			);
			mainGroup = 035B60DF19CC666A003FBB04;
			productRefGroup = 035B60E919CC666A003FBB04 /* Products */;
			projectDirPath = "";
			projectRoot = "";
			targets = (
				035B60E719CC666A003FBB04 /* Singly Linked List */,
			);
		};
/* End PBXProject section */

/* Begin PBXSourcesBuildPhase section */
		035B60E419CC666A003FBB04 /* Sources */ = {
			isa = PBXSourcesBuildPhase;
			buildActionMask = 2147483647;
			files = (
				035B60F419CC679D003FBB04 /* IntSLList.cpp in Sources */,
				035B60EC19CC666A003FBB04 /* main.cpp in Sources */,
			);
			runOnlyForDeploymentPostprocessing = 0;
		};
/* End PBXSourcesBuildPhase section */

/* Begin XCBuildConfiguration section */
		035B60ED19CC666A003FBB04 /* Debug */ = {
			isa = XCBuildConfiguration;
			buildSettings = {
				ALWAYS_SEARCH_USER_PATHS = NO;
				CLANG_CXX_LANGUAGE_STANDARD = "gnu++0x";
				CLANG_CXX_LIBRARY = "libc++";
				CLANG_ENABLE_MODULES = YES;
				CLANG_ENABLE_OBJC_ARC = YES;
				CLANG_WARN_BOOL_CONVERSION = YES;
				CLANG_WARN_CONSTANT_CONVERSION = YES;
				CLANG_WARN_DIRECT_OBJC_ISA_USAGE = YES_ERROR;
				CLANG_WARN_EMPTY_BODY = YES;
				CLANG_WARN_ENUM_CONVERSION = YES;
				CLANG_WARN_INT_CONVERSION = YES;
				CLANG_WARN_OBJC_ROOT_CLASS = YES_ERROR;
				CLANG_WARN_UNREACHABLE_CODE = YES;
				CLANG_WARN__DUPLICATE_METHOD_MATCH = YES;
				COPY_PHASE_STRIP = NO;
				ENABLE_STRICT_OBJC_MSGSEND = YES;
				GCC_C_LANGUAGE_STANDARD = gnu99;
				GCC_DYNAMIC_NO_PIC = NO;
				GCC_OPTIMIZATION_LEVEL = 0;
				GCC_PREPROCESSOR_DEFINITIONS = (
					"DEBUG=1",
					"$(inherited)",
				);
				GCC_SYMBOLS_PRIVATE_EXTERN = NO;
				GCC_WARN_64_TO_32_BIT_CONVERSION = YES;
				GCC_WARN_ABOUT_RETURN_TYPE = YES_ERROR;
				GCC_WARN_UNDECLARED_SELECTOR = YES;
				GCC_WARN_UNINITIALIZED_AUTOS = YES_AGGRESSIVE;
				GCC_WARN_UNUSED_FUNCTION = YES;
				GCC_WARN_UNUSED_VARIABLE = YES;
				MACOSX_DEPLOYMENT_TARGET = 10.9;
				MTL_ENABLE_DEBUG_INFO = YES;
				ONLY_ACTIVE_ARCH = YES;
				SDKROOT = macosx;
			};
			name = Debug;
		};
		035B60EE19CC666A003FBB04 /* Release */ = {
			isa = XCBuildConfiguration;
			buildSettings = {
				ALWAYS_SEARCH_USER_PATHS = NO;
				CLANG_CXX_LANGUAGE_STANDARD = "gnu++0x";
				CLANG_CXX_LIBRARY = "libc++";
				CLANG_ENABLE_MODULES = YES;
				CLANG_ENABLE_OBJC_ARC = YES;
				CLANG_WARN_BOOL_CONVERSION = YES;
				CLANG_WARN_CONSTANT_CONVERSION = YES;
				CLANG_WARN_DIRECT_OBJC_ISA_USAGE = YES_ERROR;
				CLANG_WARN_EMPTY_BODY = YES;
				CLANG_WARN_ENUM_CONVERSION = YES;
				CLANG_WARN_INT_CONVERSION = YES;
				CLANG_WARN_OBJC_ROOT_CLASS = YES_ERROR;
				CLANG_WARN_UNREACHABLE_CODE = YES;
				CLANG_WARN__DUPLICATE_METHOD_MATCH = YES;
				COPY_PHASE_STRIP = YES;
				DEBUG_INFORMATION_FORMAT = "dwarf-with-dsym";
				ENABLE_NS_ASSERTIONS = NO;
				ENABLE_STRICT_OBJC_MSGSEND = YES;
				GCC_C_LANGUAGE_STANDARD = gnu99;
				GCC_WARN_64_TO_32_BIT_CONVERSION = YES;
				GCC_WARN_ABOUT_RETURN_TYPE = YES_ERROR;
				GCC_WARN_UNDECLARED_SELECTOR = YES;
				GCC_WARN_UNINITIALIZED_AUTOS = YES_AGGRESSIVE;
				GCC_WARN_UNUSED_FUNCTION = YES;
				GCC_WARN_UNUSED_VARIABLE = YES;
				MACOSX_DEPLOYMENT_TARGET = 10.9;
				MTL_ENABLE_DEBUG_INFO = NO;
				SDKROOT = macosx;
			};
			name = Release;
		};
		035B60F019CC666A003FBB04 /* Debug */ = {
			isa = XCBuildConfiguration;
			buildSettings = {
				PRODUCT_NAME = "$(TARGET_NAME)";
			};
			name = Debug;
		};
		035B60F119CC666A003FBB04 /* Release */ = {
			isa = XCBuildConfiguration;
			buildSettings = {
				PRODUCT_NAME = "$(TARGET_NAME)";
			};
			name = Release;
		};
/* End XCBuildConfiguration section */

/* Begin XCConfigurationList section */
		035B60E319CC666A003FBB04 /* Build configuration list for PBXProject "Singly Linked List" */ = {
			isa = XCConfigurationList;
			buildConfigurations = (
				035B60ED19CC666A003FBB04 /* Debug */,
				035B60EE19CC666A003FBB04 /* Release */,
			);
			defaultConfigurationIsVisible = 0;
			defaultConfigurationName = Release;
		};
		035B60EF19CC666A003FBB04 /* Build configuration list for PBXNativeTarget "Singly Linked List" */ = {
			isa = XCConfigurationList;
			buildConfigurations = (
				035B60F019CC666A003FBB04 /* Debug */,
				035B60F119CC666A003FBB04 /* Release */,
			);
			defaultConfigurationIsVisible = 0;
		};
/* End XCConfigurationList section */
	};
	rootObject = 035B60E019CC666A003FBB04 /* Project object */;
}
